
Microsoft Visual Studio Solution File, Format Version 12.00
# Visual Studio Version 17
VisualStudioVersion = 17.1.32421.90
MinimumVisualStudioVersion = 10.0.40219.1
Project("{FAE04EC0-301F-11D3-BF4B-00C04F79EFBC}") = "ExtensionMethods", "ExtensionMethods\ExtensionMethods.csproj", "{73FEA028-D11F-403F-9F08-EA45410AF46F}"
EndProject
Global
	GlobalSection(SolutionConfigurationPlatforms) = preSolution
		Debug|Any CPU = Debug|Any CPU
		Release|Any CPU = Release|Any CPU
	EndGlobalSection
	GlobalSection(ProjectConfigurationPlatforms) = postSolution
		{73FEA028-D11F-403F-9F08-EA45410AF46F}.Debug|Any CPU.ActiveCfg = Debug|Any CPU
		{73FEA028-D11F-403F-9F08-EA45410AF46F}.Debug|Any CPU.Build.0 = Debug|Any CPU
		{73FEA028-D11F-403F-9F08-EA45410AF46F}.Release|Any CPU.ActiveCfg = Release|Any CPU
		{73FEA028-D11F-403F-9F08-EA45410AF46F}.Release|Any CPU.Build.0 = Release|Any CPU
	EndGlobalSection
	GlobalSection(SolutionProperties) = preSolution
		HideSolutionNode = FALSE
	EndGlobalSection
	GlobalSection(ExtensibilityGlobals) = postSolution
		SolutionGuid = {09822C85-E207-4001-8F75-FD37CD670436}
	EndGlobalSection
EndGlobal
